
Microsoft Visual Studio Solution File, Format Version 12.00
# Visual Studio Version 17
VisualStudioVersion = 17.8.34309.116
MinimumVisualStudioVersion = 10.0.40219.1
Project("{FAE04EC0-301F-11D3-BF4B-00C04F79EFBC}") = "ErmiiSoft.ErmiiBot", "src\ErmiiSoft.ErmiiBot\ErmiiSoft.ErmiiBot.csproj", "{65A33AF8-9FFE-4E39-B2AC-E322E4D54F7B}"
EndProject
Global
	GlobalSection(SolutionConfigurationPlatforms) = preSolution
		Debug|Any CPU = Debug|Any CPU
		Release|Any CPU = Release|Any CPU
	EndGlobalSection
	GlobalSection(ProjectConfigurationPlatforms) = postSolution
		{65A33AF8-9FFE-4E39-B2AC-E322E4D54F7B}.Debug|Any CPU.ActiveCfg = Debug|Any CPU
		{65A33AF8-9FFE-4E39-B2AC-E322E4D54F7B}.Debug|Any CPU.Build.0 = Debug|Any CPU
		{65A33AF8-9FFE-4E39-B2AC-E322E4D54F7B}.Release|Any CPU.ActiveCfg = Release|Any CPU
		{65A33AF8-9FFE-4E39-B2AC-E322E4D54F7B}.Release|Any CPU.Build.0 = Release|Any CPU
	EndGlobalSection
	GlobalSection(SolutionProperties) = preSolution
		HideSolutionNode = FALSE
	EndGlobalSection
	GlobalSection(ExtensibilityGlobals) = postSolution
		SolutionGuid = {293F84E4-D9B8-426D-AE18-701360F8C80F}
	EndGlobalSection
EndGlobal
